// !$*UTF8*$!
{
	archiveVersion = 1;
	classes = {
	};
	objectVersion = 77;
	objects = {

/* Begin PBXContainerItemProxy section */
		B26990F32D3C828F003E1579 /* PBXContainerItemProxy */ = {
			isa = PBXContainerItemProxy;
			containerPortal = B26990D42D3C828D003E1579 /* Project object */;
			proxyType = 1;
			remoteGlobalIDString = B26990DB2D3C828D003E1579;
			remoteInfo = AquaBloom;
		};
		B26990FD2D3C828F003E1579 /* PBXContainerItemProxy */ = {
			isa = PBXContainerItemProxy;
			containerPortal = B26990D42D3C828D003E1579 /* Project object */;
			proxyType = 1;
			remoteGlobalIDString = B26990DB2D3C828D003E1579;
			remoteInfo = AquaBloom;
		};
/* End PBXContainerItemProxy section */

/* Begin PBXFileReference section */
		B26990DC2D3C828D003E1579 /* AquaBloom.app */ = {isa = PBXFileReference; explicitFileType = wrapper.application; includeInIndex = 0; path = AquaBloom.app; sourceTree = BUILT_PRODUCTS_DIR; };
		B26990F22D3C828F003E1579 /* AquaBloomTests.xctest */ = {isa = PBXFileReference; explicitFileType = wrapper.cfbundle; includeInIndex = 0; path = AquaBloomTests.xctest; sourceTree = BUILT_PRODUCTS_DIR; };
		B26990FC2D3C828F003E1579 /* AquaBloomUITests.xctest */ = {isa = PBXFileReference; explicitFileType = wrapper.cfbundle; includeInIndex = 0; path = AquaBloomUITests.xctest; sourceTree = BUILT_PRODUCTS_DIR; };
/* End PBXFileReference section */

/* Begin PBXFileSystemSynchronizedBuildFileExceptionSet section */
		B26991042D3C828F003E1579 /* Exceptions for "AquaBloom" folder in "AquaBloom" target */ = {
			isa = PBXFileSystemSynchronizedBuildFileExceptionSet;
			membershipExceptions = (
				Info.plist,
			);
			target = B26990DB2D3C828D003E1579 /* AquaBloom */;
		};
/* End PBXFileSystemSynchronizedBuildFileExceptionSet section */

/* Begin PBXFileSystemSynchronizedRootGroup section */
		B26990DE2D3C828D003E1579 /* AquaBloom */ = {
			isa = PBXFileSystemSynchronizedRootGroup;
			exceptions = (
				B26991042D3C828F003E1579 /* Exceptions for "AquaBloom" folder in "AquaBloom" target */,
			);
			path = AquaBloom;
			sourceTree = "<group>";
		};
		B26990F52D3C828F003E1579 /* AquaBloomTests */ = {
			isa = PBXFileSystemSynchronizedRootGroup;
			path = AquaBloomTests;
			sourceTree = "<group>";
		};
		B26990FF2D3C828F003E1579 /* AquaBloomUITests */ = {
			isa = PBXFileSystemSynchronizedRootGroup;
			path = AquaBloomUITests;
			sourceTree = "<group>";
		};
/* End PBXFileSystemSynchronizedRootGroup section */

/* Begin PBXFrameworksBuildPhase section */
		B26990D92D3C828D003E1579 /* Frameworks */ = {
			isa = PBXFrameworksBuildPhase;
			buildActionMask = 2147483647;
			files = (
			);
			runOnlyForDeploymentPostprocessing = 0;
		};
		B26990EF2D3C828F003E1579 /* Frameworks */ = {
			isa = PBXFrameworksBuildPhase;
			buildActionMask = 2147483647;
			files = (
			);
			runOnlyForDeploymentPostprocessing = 0;
		};
		B26990F92D3C828F003E1579 /* Frameworks */ = {
			isa = PBXFrameworksBuildPhase;
			buildActionMask = 2147483647;
			files = (
			);
			runOnlyForDeploymentPostprocessing = 0;
		};
/* End PBXFrameworksBuildPhase section */

/* Begin PBXGroup section */
		B26990D32D3C828D003E1579 = {
			isa = PBXGroup;
			children = (
				B26990DE2D3C828D003E1579 /* AquaBloom */,
				B26990F52D3C828F003E1579 /* AquaBloomTests */,
				B26990FF2D3C828F003E1579 /* AquaBloomUITests */,
				B26990DD2D3C828D003E1579 /* Products */,
			);
			sourceTree = "<group>";
		};
		B26990DD2D3C828D003E1579 /* Products */ = {
			isa = PBXGroup;
			children = (
				B26990DC2D3C828D003E1579 /* AquaBloom.app */,
				B26990F22D3C828F003E1579 /* AquaBloomTests.xctest */,
				B26990FC2D3C828F003E1579 /* AquaBloomUITests.xctest */,
			);
			name = Products;
			sourceTree = "<group>";
		};
/* End PBXGroup section */

/* Begin PBXNativeTarget section */
		B26990DB2D3C828D003E1579 /* AquaBloom */ = {
			isa = PBXNativeTarget;
			buildConfigurationList = B26991052D3C828F003E1579 /* Build configuration list for PBXNativeTarget "AquaBloom" */;
			buildPhases = (
				B26990D82D3C828D003E1579 /* Sources */,
				B26990D92D3C828D003E1579 /* Frameworks */,
				B26990DA2D3C828D003E1579 /* Resources */,
			);
			buildRules = (
			);
			dependencies = (
			);
			fileSystemSynchronizedGroups = (
				B26990DE2D3C828D003E1579 /* AquaBloom */,
			);
			name = AquaBloom;
			packageProductDependencies = (
			);
			productName = AquaBloom;
			productReference = B26990DC2D3C828D003E1579 /* AquaBloom.app */;
			productType = "com.apple.product-type.application";
		};
		B26990F12D3C828F003E1579 /* AquaBloomTests */ = {
			isa = PBXNativeTarget;
			buildConfigurationList = B269910A2D3C828F003E1579 /* Build configuration list for PBXNativeTarget "AquaBloomTests" */;
			buildPhases = (
				B26990EE2D3C828F003E1579 /* Sources */,
				B26990EF2D3C828F003E1579 /* Frameworks */,
				B26990F02D3C828F003E1579 /* Resources */,
			);
			buildRules = (
			);
			dependencies = (
				B26990F42D3C828F003E1579 /* PBXTargetDependency */,
			);
			fileSystemSynchronizedGroups = (
				B26990F52D3C828F003E1579 /* AquaBloomTests */,
			);
			name = AquaBloomTests;
			packageProductDependencies = (
			);
			productName = AquaBloomTests;
			productReference = B26990F22D3C828F003E1579 /* AquaBloomTests.xctest */;
			productType = "com.apple.product-type.bundle.unit-test";
		};
		B26990FB2D3C828F003E1579 /* AquaBloomUITests */ = {
			isa = PBXNativeTarget;
			buildConfigurationList = B269910D2D3C828F003E1579 /* Build configuration list for PBXNativeTarget "AquaBloomUITests" */;
			buildPhases = (
				B26990F82D3C828F003E1579 /* Sources */,
				B26990F92D3C828F003E1579 /* Frameworks */,
				B26990FA2D3C828F003E1579 /* Resources */,
			);
			buildRules = (
			);
			dependencies = (
				B26990FE2D3C828F003E1579 /* PBXTargetDependency */,
			);
			fileSystemSynchronizedGroups = (
				B26990FF2D3C828F003E1579 /* AquaBloomUITests */,
			);
			name = AquaBloomUITests;
			packageProductDependencies = (
			);
			productName = AquaBloomUITests;
			productReference = B26990FC2D3C828F003E1579 /* AquaBloomUITests.xctest */;
			productType = "com.apple.product-type.bundle.ui-testing";
		};
/* End PBXNativeTarget section */

/* Begin PBXProject section */
		B26990D42D3C828D003E1579 /* Project object */ = {
			isa = PBXProject;
			attributes = {
				BuildIndependentTargetsInParallel = 1;
				LastSwiftUpdateCheck = 1610;
				LastUpgradeCheck = 1610;
				TargetAttributes = {
					B26990DB2D3C828D003E1579 = {
						CreatedOnToolsVersion = 16.1;
					};
					B26990F12D3C828F003E1579 = {
						CreatedOnToolsVersion = 16.1;
						TestTargetID = B26990DB2D3C828D003E1579;
					};
					B26990FB2D3C828F003E1579 = {
						CreatedOnToolsVersion = 16.1;
						TestTargetID = B26990DB2D3C828D003E1579;
					};
				};
			};
			buildConfigurationList = B26990D72D3C828D003E1579 /* Build configuration list for PBXProject "AquaBloom" */;
			developmentRegion = en;
			hasScannedForEncodings = 0;
			knownRegions = (
				en,
				Base,
			);
			mainGroup = B26990D32D3C828D003E1579;
			minimizedProjectReferenceProxies = 1;
			preferredProjectObjectVersion = 77;
			productRefGroup = B26990DD2D3C828D003E1579 /* Products */;
			projectDirPath = "";
			projectRoot = "";
			targets = (
				B26990DB2D3C828D003E1579 /* AquaBloom */,
				B26990F12D3C828F003E1579 /* AquaBloomTests */,
				B26990FB2D3C828F003E1579 /* AquaBloomUITests */,
			);
		};
/* End PBXProject section */

/* Begin PBXResourcesBuildPhase section */
		B26990DA2D3C828D003E1579 /* Resources */ = {
			isa = PBXResourcesBuildPhase;
			buildActionMask = 2147483647;
			files = (
			);
			runOnlyForDeploymentPostprocessing = 0;
		};
		B26990F02D3C828F003E1579 /* Resources */ = {
			isa = PBXResourcesBuildPhase;
			buildActionMask = 2147483647;
			files = (
			);
			runOnlyForDeploymentPostprocessing = 0;
		};
		B26990FA2D3C828F003E1579 /* Resources */ = {
			isa = PBXResourcesBuildPhase;
			buildActionMask = 2147483647;
			files = (
			);
			runOnlyForDeploymentPostprocessing = 0;
		};
/* End PBXResourcesBuildPhase section */

/* Begin PBXSourcesBuildPhase section */
		B26990D82D3C828D003E1579 /* Sources */ = {
			isa = PBXSourcesBuildPhase;
			buildActionMask = 2147483647;
			files = (
			);
			runOnlyForDeploymentPostprocessing = 0;
		};
		B26990EE2D3C828F003E1579 /* Sources */ = {
			isa = PBXSourcesBuildPhase;
			buildActionMask = 2147483647;
			files = (
			);
			runOnlyForDeploymentPostprocessing = 0;
		};
		B26990F82D3C828F003E1579 /* Sources */ = {
			isa = PBXSourcesBuildPhase;
			buildActionMask = 2147483647;
			files = (
			);
			runOnlyForDeploymentPostprocessing = 0;
		};
/* End PBXSourcesBuildPhase section */

/* Begin PBXTargetDependency section */
		B26990F42D3C828F003E1579 /* PBXTargetDependency */ = {
			isa = PBXTargetDependency;
			target = B26990DB2D3C828D003E1579 /* AquaBloom */;
			targetProxy = B26990F32D3C828F003E1579 /* PBXContainerItemProxy */;
		};
		B26990FE2D3C828F003E1579 /* PBXTargetDependency */ = {
			isa = PBXTargetDependency;
			target = B26990DB2D3C828D003E1579 /* AquaBloom */;
			targetProxy = B26990FD2D3C828F003E1579 /* PBXContainerItemProxy */;
		};
/* End PBXTargetDependency section */

/* Begin XCBuildConfiguration section */
		B26991062D3C828F003E1579 /* Debug */ = {
			isa = XCBuildConfiguration;
			buildSettings = {
				ASSETCATALOG_COMPILER_APPICON_NAME = AppIcon;
				ASSETCATALOG_COMPILER_GLOBAL_ACCENT_COLOR_NAME = AccentColor;
				CODE_SIGN_STYLE = Automatic;
				CURRENT_PROJECT_VERSION = 1;
				GENERATE_INFOPLIST_FILE = YES;
				INFOPLIST_FILE = AquaBloom/Info.plist;
				INFOPLIST_KEY_UIApplicationSupportsIndirectInputEvents = YES;
				INFOPLIST_KEY_UILaunchStoryboardName = LaunchScreen;
				INFOPLIST_KEY_UIMainStoryboardFile = Main;
				INFOPLIST_KEY_UISupportedInterfaceOrientations_iPad = "UIInterfaceOrientationPortrait UIInterfaceOrientationPortraitUpsideDown UIInterfaceOrientationLandscapeLeft UIInterfaceOrientationLandscapeRight";
				INFOPLIST_KEY_UISupportedInterfaceOrientations_iPhone = "UIInterfaceOrientationPortrait UIInterfaceOrientationLandscapeLeft UIInterfaceOrientationLandscapeRight";
				LD_RUNPATH_SEARCH_PATHS = (
					"$(inherited)",
					"@executable_path/Frameworks",
				);
				MARKETING_VERSION = 1.0;
				PRODUCT_BUNDLE_IDENTIFIER = TB.AquaBloom;
				PRODUCT_NAME = "$(TARGET_NAME)";
				SWIFT_EMIT_LOC_STRINGS = YES;
				SWIFT_VERSION = 5.0;
				TARGETED_DEVICE_FAMILY = "1,2";
			};
			name = Debug;
		};
		B26991072D3C828F003E1579 /* Release */ = {
			isa = XCBuildConfiguration;
			buildSettings = {
				ASSETCATALOG_COMPILER_APPICON_NAME = AppIcon;
				ASSETCATALOG_COMPILER_GLOBAL_ACCENT_COLOR_NAME = AccentColor;
				CODE_SIGN_STYLE = Automatic;
				CURRENT_PROJECT_VERSION = 1;
				GENERATE_INFOPLIST_FILE = YES;
				INFOPLIST_FILE = AquaBloom/Info.plist;
				INFOPLIST_KEY_UIApplicationSupportsIndirectInputEvents = YES;
				INFOPLIST_KEY_UILaunchStoryboardName = LaunchScreen;
				INFOPLIST_KEY_UIMainStoryboardFile = Main;
				INFOPLIST_KEY_UISupportedInterfaceOrientations_iPad = "UIInterfaceOrientationPortrait UIInterfaceOrientationPortraitUpsideDown UIInterfaceOrientationLandscapeLeft UIInterfaceOrientationLandscapeRight";
				INFOPLIST_KEY_UISupportedInterfaceOrientations_iPhone = "UIInterfaceOrientationPortrait UIInterfaceOrientationLandscapeLeft UIInterfaceOrientationLandscapeRight";
				LD_RUNPATH_SEARCH_PATHS = (
					"$(inherited)",
					"@executable_path/Frameworks",
				);
				MARKETING_VERSION = 1.0;
				PRODUCT_BUNDLE_IDENTIFIER = TB.AquaBloom;
				PRODUCT_NAME = "$(TARGET_NAME)";
				SWIFT_EMIT_LOC_STRINGS = YES;
				SWIFT_VERSION = 5.0;
				TARGETED_DEVICE_FAMILY = "1,2";
			};
			name = Release;
		};
		B26991082D3C828F003E1579 /* Debug */ = {
			isa = XCBuildConfiguration;
			buildSettings = {
				ALWAYS_SEARCH_USER_PATHS = NO;
				ASSETCATALOG_COMPILER_GENERATE_SWIFT_ASSET_SYMBOL_EXTENSIONS = YES;
				CLANG_ANALYZER_NONNULL = YES;
				CLANG_ANALYZER_NUMBER_OBJECT_CONVERSION = YES_AGGRESSIVE;
				CLANG_CXX_LANGUAGE_STANDARD = "gnu++20";
				CLANG_ENABLE_MODULES = YES;
				CLANG_ENABLE_OBJC_ARC = YES;
				CLANG_ENABLE_OBJC_WEAK = YES;
				CLANG_WARN_BLOCK_CAPTURE_AUTORELEASING = YES;
				CLANG_WARN_BOOL_CONVERSION = YES;
				CLANG_WARN_COMMA = YES;
				CLANG_WARN_CONSTANT_CONVERSION = YES;
				CLANG_WARN_DEPRECATED_OBJC_IMPLEMENTATIONS = YES;
				CLANG_WARN_DIRECT_OBJC_ISA_USAGE = YES_ERROR;
				CLANG_WARN_DOCUMENTATION_COMMENTS = YES;
				CLANG_WARN_EMPTY_BODY = YES;
				CLANG_WARN_ENUM_CONVERSION = YES;
				CLANG_WARN_INFINITE_RECURSION = YES;
				CLANG_WARN_INT_CONVERSION = YES;
				CLANG_WARN_NON_LITERAL_NULL_CONVERSION = YES;
				CLANG_WARN_OBJC_IMPLICIT_RETAIN_SELF = YES;
				CLANG_WARN_OBJC_LITERAL_CONVERSION = YES;
				CLANG_WARN_OBJC_ROOT_CLASS = YES_ERROR;
				CLANG_WARN_QUOTED_INCLUDE_IN_FRAMEWORK_HEADER = YES;
				CLANG_WARN_RANGE_LOOP_ANALYSIS = YES;
				CLANG_WARN_STRICT_PROTOTYPES = YES;
				CLANG_WARN_SUSPICIOUS_MOVE = YES;
				CLANG_WARN_UNGUARDED_AVAILABILITY = YES_AGGRESSIVE;
				CLANG_WARN_UNREACHABLE_CODE = YES;
				CLANG_WARN__DUPLICATE_METHOD_MATCH = YES;
				COPY_PHASE_STRIP = NO;
				DEBUG_INFORMATION_FORMAT = dwarf;
				ENABLE_STRICT_OBJC_MSGSEND = YES;
				ENABLE_TESTABILITY = YES;
				ENABLE_USER_SCRIPT_SANDBOXING = YES;
				GCC_C_LANGUAGE_STANDARD = gnu17;
				GCC_DYNAMIC_NO_PIC = NO;
				GCC_NO_COMMON_BLOCKS = YES;
				GCC_OPTIMIZATION_LEVEL = 0;
				GCC_PREPROCESSOR_DEFINITIONS = (
					"DEBUG=1",
					"$(inherited)",
				);
				GCC_WARN_64_TO_32_BIT_CONVERSION = YES;
				GCC_WARN_ABOUT_RETURN_TYPE = YES_ERROR;
				GCC_WARN_UNDECLARED_SELECTOR = YES;
				GCC_WARN_UNINITIALIZED_AUTOS = YES_AGGRESSIVE;
				GCC_WARN_UNUSED_FUNCTION = YES;
				GCC_WARN_UNUSED_VARIABLE = YES;
				IPHONEOS_DEPLOYMENT_TARGET = 18.1;
				LOCALIZATION_PREFERS_STRING_CATALOGS = YES;
				MTL_ENABLE_DEBUG_INFO = INCLUDE_SOURCE;
				MTL_FAST_MATH = YES;
				ONLY_ACTIVE_ARCH = YES;
				SDKROOT = iphoneos;
				SWIFT_ACTIVE_COMPILATION_CONDITIONS = "DEBUG $(inherited)";
				SWIFT_OPTIMIZATION_LEVEL = "-Onone";
			};
			name = Debug;
		};
		B26991092D3C828F003E1579 /* Release */ = {
			isa = XCBuildConfiguration;
			buildSettings = {
				ALWAYS_SEARCH_USER_PATHS = NO;
				ASSETCATALOG_COMPILER_GENERATE_SWIFT_ASSET_SYMBOL_EXTENSIONS = YES;
				CLANG_ANALYZER_NONNULL = YES;
				CLANG_ANALYZER_NUMBER_OBJECT_CONVERSION = YES_AGGRESSIVE;
				CLANG_CXX_LANGUAGE_STANDARD = "gnu++20";
				CLANG_ENABLE_MODULES = YES;
				CLANG_ENABLE_OBJC_ARC = YES;
				CLANG_ENABLE_OBJC_WEAK = YES;
				CLANG_WARN_BLOCK_CAPTURE_AUTORELEASING = YES;
				CLANG_WARN_BOOL_CONVERSION = YES;
				CLANG_WARN_COMMA = YES;
				CLANG_WARN_CONSTANT_CONVERSION = YES;
				CLANG_WARN_DEPRECATED_OBJC_IMPLEMENTATIONS = YES;
				CLANG_WARN_DIRECT_OBJC_ISA_USAGE = YES_ERROR;
				CLANG_WARN_DOCUMENTATION_COMMENTS = YES;
				CLANG_WARN_EMPTY_BODY = YES;
				CLANG_WARN_ENUM_CONVERSION = YES;
				CLANG_WARN_INFINITE_RECURSION = YES;
				CLANG_WARN_INT_CONVERSION = YES;
				CLANG_WARN_NON_LITERAL_NULL_CONVERSION = YES;
				CLANG_WARN_OBJC_IMPLICIT_RETAIN_SELF = YES;
				CLANG_WARN_OBJC_LITERAL_CONVERSION = YES;
				CLANG_WARN_OBJC_ROOT_CLASS = YES_ERROR;
				CLANG_WARN_QUOTED_INCLUDE_IN_FRAMEWORK_HEADER = YES;
				CLANG_WARN_RANGE_LOOP_ANALYSIS = YES;
				CLANG_WARN_STRICT_PROTOTYPES = YES;
				CLANG_WARN_SUSPICIOUS_MOVE = YES;
				CLANG_WARN_UNGUARDED_AVAILABILITY = YES_AGGRESSIVE;
				CLANG_WARN_UNREACHABLE_CODE = YES;
				CLANG_WARN__DUPLICATE_METHOD_MATCH = YES;
				COPY_PHASE_STRIP = NO;
				DEBUG_INFORMATION_FORMAT = "dwarf-with-dsym";
				ENABLE_NS_ASSERTIONS = NO;
				ENABLE_STRICT_OBJC_MSGSEND = YES;
				ENABLE_USER_SCRIPT_SANDBOXING = YES;
				GCC_C_LANGUAGE_STANDARD = gnu17;
				GCC_NO_COMMON_BLOCKS = YES;
				GCC_WARN_64_TO_32_BIT_CONVERSION = YES;
				GCC_WARN_ABOUT_RETURN_TYPE = YES_ERROR;
				GCC_WARN_UNDECLARED_SELECTOR = YES;
				GCC_WARN_UNINITIALIZED_AUTOS = YES_AGGRESSIVE;
				GCC_WARN_UNUSED_FUNCTION = YES;
				GCC_WARN_UNUSED_VARIABLE = YES;
				IPHONEOS_DEPLOYMENT_TARGET = 18.1;
				LOCALIZATION_PREFERS_STRING_CATALOGS = YES;
				MTL_ENABLE_DEBUG_INFO = NO;
				MTL_FAST_MATH = YES;
				SDKROOT = iphoneos;
				SWIFT_COMPILATION_MODE = wholemodule;
				VALIDATE_PRODUCT = YES;
			};
			name = Release;
		};
		B269910B2D3C828F003E1579 /* Debug */ = {
			isa = XCBuildConfiguration;
			buildSettings = {
				BUNDLE_LOADER = "$(TEST_HOST)";
				CODE_SIGN_STYLE = Automatic;
				CURRENT_PROJECT_VERSION = 1;
				GENERATE_INFOPLIST_FILE = YES;
				IPHONEOS_DEPLOYMENT_TARGET = 18.1;
				MARKETING_VERSION = 1.0;
				PRODUCT_BUNDLE_IDENTIFIER = TB.AquaBloomTests;
				PRODUCT_NAME = "$(TARGET_NAME)";
				SWIFT_EMIT_LOC_STRINGS = NO;
				SWIFT_VERSION = 5.0;
				TARGETED_DEVICE_FAMILY = "1,2";
				TEST_HOST = "$(BUILT_PRODUCTS_DIR)/AquaBloom.app/$(BUNDLE_EXECUTABLE_FOLDER_PATH)/AquaBloom";
			};
			name = Debug;
		};
		B269910C2D3C828F003E1579 /* Release */ = {
			isa = XCBuildConfiguration;
			buildSettings = {
				BUNDLE_LOADER = "$(TEST_HOST)";
				CODE_SIGN_STYLE = Automatic;
				CURRENT_PROJECT_VERSION = 1;
				GENERATE_INFOPLIST_FILE = YES;
				IPHONEOS_DEPLOYMENT_TARGET = 18.1;
				MARKETING_VERSION = 1.0;
				PRODUCT_BUNDLE_IDENTIFIER = TB.AquaBloomTests;
				PRODUCT_NAME = "$(TARGET_NAME)";
				SWIFT_EMIT_LOC_STRINGS = NO;
				SWIFT_VERSION = 5.0;
				TARGETED_DEVICE_FAMILY = "1,2";
				TEST_HOST = "$(BUILT_PRODUCTS_DIR)/AquaBloom.app/$(BUNDLE_EXECUTABLE_FOLDER_PATH)/AquaBloom";
			};
			name = Release;
		};
		B269910E2D3C828F003E1579 /* Debug */ = {
			isa = XCBuildConfiguration;
			buildSettings = {
				CODE_SIGN_STYLE = Automatic;
				CURRENT_PROJECT_VERSION = 1;
				GENERATE_INFOPLIST_FILE = YES;
				MARKETING_VERSION = 1.0;
				PRODUCT_BUNDLE_IDENTIFIER = TB.AquaBloomUITests;
				PRODUCT_NAME = "$(TARGET_NAME)";
				SWIFT_EMIT_LOC_STRINGS = NO;
				SWIFT_VERSION = 5.0;
				TARGETED_DEVICE_FAMILY = "1,2";
				TEST_TARGET_NAME = AquaBloom;
			};
			name = Debug;
		};
		B269910F2D3C828F003E1579 /* Release */ = {
			isa = XCBuildConfiguration;
			buildSettings = {
				CODE_SIGN_STYLE = Automatic;
				CURRENT_PROJECT_VERSION = 1;
				GENERATE_INFOPLIST_FILE = YES;
				MARKETING_VERSION = 1.0;
				PRODUCT_BUNDLE_IDENTIFIER = TB.AquaBloomUITests;
				PRODUCT_NAME = "$(TARGET_NAME)";
				SWIFT_EMIT_LOC_STRINGS = NO;
				SWIFT_VERSION = 5.0;
				TARGETED_DEVICE_FAMILY = "1,2";
				TEST_TARGET_NAME = AquaBloom;
			};
			name = Release;
		};
/* End XCBuildConfiguration section */

/* Begin XCConfigurationList section */
		B26990D72D3C828D003E1579 /* Build configuration list for PBXProject "AquaBloom" */ = {
			isa = XCConfigurationList;
			buildConfigurations = (
				B26991082D3C828F003E1579 /* Debug */,
				B26991092D3C828F003E1579 /* Release */,
			);
			defaultConfigurationIsVisible = 0;
			defaultConfigurationName = Release;
		};
		B26991052D3C828F003E1579 /* Build configuration list for PBXNativeTarget "AquaBloom" */ = {
			isa = XCConfigurationList;
			buildConfigurations = (
				B26991062D3C828F003E1579 /* Debug */,
				B26991072D3C828F003E1579 /* Release */,
			);
			defaultConfigurationIsVisible = 0;
			defaultConfigurationName = Release;
		};
		B269910A2D3C828F003E1579 /* Build configuration list for PBXNativeTarget "AquaBloomTests" */ = {
			isa = XCConfigurationList;
			buildConfigurations = (
				B269910B2D3C828F003E1579 /* Debug */,
				B269910C2D3C828F003E1579 /* Release */,
			);
			defaultConfigurationIsVisible = 0;
			defaultConfigurationName = Release;
		};
		B269910D2D3C828F003E1579 /* Build configuration list for PBXNativeTarget "AquaBloomUITests" */ = {
			isa = XCConfigurationList;
			buildConfigurations = (
				B269910E2D3C828F003E1579 /* Debug */,
				B269910F2D3C828F003E1579 /* Release */,
			);
			defaultConfigurationIsVisible = 0;
			defaultConfigurationName = Release;
		};
/* End XCConfigurationList section */
	};
	rootObject = B26990D42D3C828D003E1579 /* Project object */;
}
